// !$*UTF8*$!
{
	archiveVersion = 1;
	classes = {
	};
	objectVersion = 56;
	objects = {

/* Begin PBXBuildFile section */
		EF04165D2C3DAF0D00F5FC19 /* Pairing+CoreDataClass.swift in Sources */ = {isa = PBXBuildFile; fileRef = EF04165B2C3DAF0D00F5FC19 /* Pairing+CoreDataClass.swift */; };
		EF04165E2C3DAF0D00F5FC19 /* Pairing+CoreDataProperties.swift in Sources */ = {isa = PBXBuildFile; fileRef = EF04165C2C3DAF0D00F5FC19 /* Pairing+CoreDataProperties.swift */; };
		EF0416612C3DAF5300F5FC19 /* Flight+CoreDataClass.swift in Sources */ = {isa = PBXBuildFile; fileRef = EF04165F2C3DAF5300F5FC19 /* Flight+CoreDataClass.swift */; };
		EF0416622C3DAF5300F5FC19 /* Flight+CoreDataProperties.swift in Sources */ = {isa = PBXBuildFile; fileRef = EF0416602C3DAF5300F5FC19 /* Flight+CoreDataProperties.swift */; };
		EF62CCA52C3D785E0023C1A6 /* Good_LogbookApp.swift in Sources */ = {isa = PBXBuildFile; fileRef = EF62CCA42C3D785E0023C1A6 /* Good_LogbookApp.swift */; };
		EF62CCA72C3D785E0023C1A6 /* ContentView.swift in Sources */ = {isa = PBXBuildFile; fileRef = EF62CCA62C3D785E0023C1A6 /* ContentView.swift */; };
		EF62CCA92C3D78600023C1A6 /* Assets.xcassets in Resources */ = {isa = PBXBuildFile; fileRef = EF62CCA82C3D78600023C1A6 /* Assets.xcassets */; };
		EF62CCAC2C3D78600023C1A6 /* Preview Assets.xcassets in Resources */ = {isa = PBXBuildFile; fileRef = EF62CCAB2C3D78600023C1A6 /* Preview Assets.xcassets */; };
		EF62CCAE2C3D78600023C1A6 /* Persistence.swift in Sources */ = {isa = PBXBuildFile; fileRef = EF62CCAD2C3D78600023C1A6 /* Persistence.swift */; };
		EF62CCB12C3D78600023C1A6 /* Good_Logbook.xcdatamodeld in Sources */ = {isa = PBXBuildFile; fileRef = EF62CCAF2C3D78600023C1A6 /* Good_Logbook.xcdatamodeld */; };
		EF62CCBB2C3D78600023C1A6 /* Good_LogbookTests.swift in Sources */ = {isa = PBXBuildFile; fileRef = EF62CCBA2C3D78600023C1A6 /* Good_LogbookTests.swift */; };
		EF62CCC52C3D78600023C1A6 /* Good_LogbookUITests.swift in Sources */ = {isa = PBXBuildFile; fileRef = EF62CCC42C3D78600023C1A6 /* Good_LogbookUITests.swift */; };
		EF62CCC72C3D78600023C1A6 /* Good_LogbookUITestsLaunchTests.swift in Sources */ = {isa = PBXBuildFile; fileRef = EF62CCC62C3D78600023C1A6 /* Good_LogbookUITestsLaunchTests.swift */; };
		EF62CCD42C3D78C10023C1A6 /* FlightDetailView.swift in Sources */ = {isa = PBXBuildFile; fileRef = EF62CCD32C3D78C10023C1A6 /* FlightDetailView.swift */; };
		EFEE19542C3D873400CAFF1A /* LogbookView.swift in Sources */ = {isa = PBXBuildFile; fileRef = EFEE19532C3D873400CAFF1A /* LogbookView.swift */; };
		EFEE19562C3D874A00CAFF1A /* StatisticsView.swift in Sources */ = {isa = PBXBuildFile; fileRef = EFEE19552C3D874A00CAFF1A /* StatisticsView.swift */; };
		EFEE19582C3D875800CAFF1A /* SettingsView.swift in Sources */ = {isa = PBXBuildFile; fileRef = EFEE19572C3D875800CAFF1A /* SettingsView.swift */; };
		EFEE195B2C3D882200CAFF1A /* Navigation.swift in Sources */ = {isa = PBXBuildFile; fileRef = EFEE195A2C3D882200CAFF1A /* Navigation.swift */; };
		EFEE195D2C3D890100CAFF1A /* AddFlightView.swift in Sources */ = {isa = PBXBuildFile; fileRef = EFEE195C2C3D890000CAFF1A /* AddFlightView.swift */; };
/* End PBXBuildFile section */

/* Begin PBXContainerItemProxy section */
		EF62CCB72C3D78600023C1A6 /* PBXContainerItemProxy */ = {
			isa = PBXContainerItemProxy;
			containerPortal = EF62CC992C3D785E0023C1A6 /* Project object */;
			proxyType = 1;
			remoteGlobalIDString = EF62CCA02C3D785E0023C1A6;
			remoteInfo = "Good Logbook";
		};
		EF62CCC12C3D78600023C1A6 /* PBXContainerItemProxy */ = {
			isa = PBXContainerItemProxy;
			containerPortal = EF62CC992C3D785E0023C1A6 /* Project object */;
			proxyType = 1;
			remoteGlobalIDString = EF62CCA02C3D785E0023C1A6;
			remoteInfo = "Good Logbook";
		};
/* End PBXContainerItemProxy section */

/* Begin PBXFileReference section */
		EF04165B2C3DAF0D00F5FC19 /* Pairing+CoreDataClass.swift */ = {isa = PBXFileReference; lastKnownFileType = sourcecode.swift; path = "Pairing+CoreDataClass.swift"; sourceTree = "<group>"; };
		EF04165C2C3DAF0D00F5FC19 /* Pairing+CoreDataProperties.swift */ = {isa = PBXFileReference; lastKnownFileType = sourcecode.swift; path = "Pairing+CoreDataProperties.swift"; sourceTree = "<group>"; };
		EF04165F2C3DAF5300F5FC19 /* Flight+CoreDataClass.swift */ = {isa = PBXFileReference; lastKnownFileType = sourcecode.swift; path = "Flight+CoreDataClass.swift"; sourceTree = "<group>"; };
		EF0416602C3DAF5300F5FC19 /* Flight+CoreDataProperties.swift */ = {isa = PBXFileReference; lastKnownFileType = sourcecode.swift; path = "Flight+CoreDataProperties.swift"; sourceTree = "<group>"; };
		EF62CCA12C3D785E0023C1A6 /* Good Logbook.app */ = {isa = PBXFileReference; explicitFileType = wrapper.application; includeInIndex = 0; path = "Good Logbook.app"; sourceTree = BUILT_PRODUCTS_DIR; };
		EF62CCA42C3D785E0023C1A6 /* Good_LogbookApp.swift */ = {isa = PBXFileReference; lastKnownFileType = sourcecode.swift; path = Good_LogbookApp.swift; sourceTree = "<group>"; };
		EF62CCA62C3D785E0023C1A6 /* ContentView.swift */ = {isa = PBXFileReference; lastKnownFileType = sourcecode.swift; path = ContentView.swift; sourceTree = "<group>"; };
		EF62CCA82C3D78600023C1A6 /* Assets.xcassets */ = {isa = PBXFileReference; lastKnownFileType = folder.assetcatalog; path = Assets.xcassets; sourceTree = "<group>"; };
		EF62CCAB2C3D78600023C1A6 /* Preview Assets.xcassets */ = {isa = PBXFileReference; lastKnownFileType = folder.assetcatalog; path = "Preview Assets.xcassets"; sourceTree = "<group>"; };
		EF62CCAD2C3D78600023C1A6 /* Persistence.swift */ = {isa = PBXFileReference; lastKnownFileType = sourcecode.swift; path = Persistence.swift; sourceTree = "<group>"; };
		EF62CCB02C3D78600023C1A6 /* Good_Logbook.xcdatamodel */ = {isa = PBXFileReference; lastKnownFileType = wrapper.xcdatamodel; path = Good_Logbook.xcdatamodel; sourceTree = "<group>"; };
		EF62CCB62C3D78600023C1A6 /* Good LogbookTests.xctest */ = {isa = PBXFileReference; explicitFileType = wrapper.cfbundle; includeInIndex = 0; path = "Good LogbookTests.xctest"; sourceTree = BUILT_PRODUCTS_DIR; };
		EF62CCBA2C3D78600023C1A6 /* Good_LogbookTests.swift */ = {isa = PBXFileReference; lastKnownFileType = sourcecode.swift; path = Good_LogbookTests.swift; sourceTree = "<group>"; };
		EF62CCC02C3D78600023C1A6 /* Good LogbookUITests.xctest */ = {isa = PBXFileReference; explicitFileType = wrapper.cfbundle; includeInIndex = 0; path = "Good LogbookUITests.xctest"; sourceTree = BUILT_PRODUCTS_DIR; };
		EF62CCC42C3D78600023C1A6 /* Good_LogbookUITests.swift */ = {isa = PBXFileReference; lastKnownFileType = sourcecode.swift; path = Good_LogbookUITests.swift; sourceTree = "<group>"; };
		EF62CCC62C3D78600023C1A6 /* Good_LogbookUITestsLaunchTests.swift */ = {isa = PBXFileReference; lastKnownFileType = sourcecode.swift; path = Good_LogbookUITestsLaunchTests.swift; sourceTree = "<group>"; };
		EF62CCD32C3D78C10023C1A6 /* FlightDetailView.swift */ = {isa = PBXFileReference; lastKnownFileType = sourcecode.swift; path = FlightDetailView.swift; sourceTree = "<group>"; };
		EFEE19532C3D873400CAFF1A /* LogbookView.swift */ = {isa = PBXFileReference; lastKnownFileType = sourcecode.swift; path = LogbookView.swift; sourceTree = "<group>"; };
		EFEE19552C3D874A00CAFF1A /* StatisticsView.swift */ = {isa = PBXFileReference; lastKnownFileType = sourcecode.swift; path = StatisticsView.swift; sourceTree = "<group>"; };
		EFEE19572C3D875800CAFF1A /* SettingsView.swift */ = {isa = PBXFileReference; lastKnownFileType = sourcecode.swift; path = SettingsView.swift; sourceTree = "<group>"; };
		EFEE195A2C3D882200CAFF1A /* Navigation.swift */ = {isa = PBXFileReference; lastKnownFileType = sourcecode.swift; path = Navigation.swift; sourceTree = "<group>"; };
		EFEE195C2C3D890000CAFF1A /* AddFlightView.swift */ = {isa = PBXFileReference; lastKnownFileType = sourcecode.swift; path = AddFlightView.swift; sourceTree = "<group>"; };
/* End PBXFileReference section */

/* Begin PBXFrameworksBuildPhase section */
		EF62CC9E2C3D785E0023C1A6 /* Frameworks */ = {
			isa = PBXFrameworksBuildPhase;
			buildActionMask = 2147483647;
			files = (
			);
			runOnlyForDeploymentPostprocessing = 0;
		};
		EF62CCB32C3D78600023C1A6 /* Frameworks */ = {
			isa = PBXFrameworksBuildPhase;
			buildActionMask = 2147483647;
			files = (
			);
			runOnlyForDeploymentPostprocessing = 0;
		};
		EF62CCBD2C3D78600023C1A6 /* Frameworks */ = {
			isa = PBXFrameworksBuildPhase;
			buildActionMask = 2147483647;
			files = (
			);
			runOnlyForDeploymentPostprocessing = 0;
		};
/* End PBXFrameworksBuildPhase section */

/* Begin PBXGroup section */
		EF04165A2C3DAEE000F5FC19 /* Core Data */ = {
			isa = PBXGroup;
			children = (
				EF04165F2C3DAF5300F5FC19 /* Flight+CoreDataClass.swift */,
				EF0416602C3DAF5300F5FC19 /* Flight+CoreDataProperties.swift */,
				EF04165B2C3DAF0D00F5FC19 /* Pairing+CoreDataClass.swift */,
				EF04165C2C3DAF0D00F5FC19 /* Pairing+CoreDataProperties.swift */,
			);
			path = "Core Data";
			sourceTree = "<group>";
		};
		EF62CC982C3D785E0023C1A6 = {
			isa = PBXGroup;
			children = (
				EF04165A2C3DAEE000F5FC19 /* Core Data */,
				EF62CCA32C3D785E0023C1A6 /* Good Logbook */,
				EF62CCB92C3D78600023C1A6 /* Good LogbookTests */,
				EF62CCC32C3D78600023C1A6 /* Good LogbookUITests */,
				EF62CCA22C3D785E0023C1A6 /* Products */,
			);
			sourceTree = "<group>";
		};
		EF62CCA22C3D785E0023C1A6 /* Products */ = {
			isa = PBXGroup;
			children = (
				EF62CCA12C3D785E0023C1A6 /* Good Logbook.app */,
				EF62CCB62C3D78600023C1A6 /* Good LogbookTests.xctest */,
				EF62CCC02C3D78600023C1A6 /* Good LogbookUITests.xctest */,
			);
			name = Products;
			sourceTree = "<group>";
		};
		EF62CCA32C3D785E0023C1A6 /* Good Logbook */ = {
			isa = PBXGroup;
			children = (
				EF62CCA42C3D785E0023C1A6 /* Good_LogbookApp.swift */,
				EF62CCA62C3D785E0023C1A6 /* ContentView.swift */,
				EFEE19592C3D876000CAFF1A /* Views */,
				EF62CCA82C3D78600023C1A6 /* Assets.xcassets */,
				EF62CCAD2C3D78600023C1A6 /* Persistence.swift */,
				EF62CCAF2C3D78600023C1A6 /* Good_Logbook.xcdatamodeld */,
				EF62CCAA2C3D78600023C1A6 /* Preview Content */,
			);
			path = "Good Logbook";
			sourceTree = "<group>";
		};
		EF62CCAA2C3D78600023C1A6 /* Preview Content */ = {
			isa = PBXGroup;
			children = (
				EF62CCAB2C3D78600023C1A6 /* Preview Assets.xcassets */,
			);
			path = "Preview Content";
			sourceTree = "<group>";
		};
		EF62CCB92C3D78600023C1A6 /* Good LogbookTests */ = {
			isa = PBXGroup;
			children = (
				EF62CCBA2C3D78600023C1A6 /* Good_LogbookTests.swift */,
			);
			path = "Good LogbookTests";
			sourceTree = "<group>";
		};
		EF62CCC32C3D78600023C1A6 /* Good LogbookUITests */ = {
			isa = PBXGroup;
			children = (
				EF62CCC42C3D78600023C1A6 /* Good_LogbookUITests.swift */,
				EF62CCC62C3D78600023C1A6 /* Good_LogbookUITestsLaunchTests.swift */,
			);
			path = "Good LogbookUITests";
			sourceTree = "<group>";
		};
		EFEE19592C3D876000CAFF1A /* Views */ = {
			isa = PBXGroup;
			children = (
				EFEE195C2C3D890000CAFF1A /* AddFlightView.swift */,
				EF62CCD32C3D78C10023C1A6 /* FlightDetailView.swift */,
				EFEE19532C3D873400CAFF1A /* LogbookView.swift */,
				EFEE195A2C3D882200CAFF1A /* Navigation.swift */,
				EFEE19552C3D874A00CAFF1A /* StatisticsView.swift */,
				EFEE19572C3D875800CAFF1A /* SettingsView.swift */,
			);
			path = Views;
			sourceTree = "<group>";
		};
/* End PBXGroup section */

/* Begin PBXNativeTarget section */
		EF62CCA02C3D785E0023C1A6 /* Good Logbook */ = {
			isa = PBXNativeTarget;
			buildConfigurationList = EF62CCCA2C3D78600023C1A6 /* Build configuration list for PBXNativeTarget "Good Logbook" */;
			buildPhases = (
				EF62CC9D2C3D785E0023C1A6 /* Sources */,
				EF62CC9E2C3D785E0023C1A6 /* Frameworks */,
				EF62CC9F2C3D785E0023C1A6 /* Resources */,
			);
			buildRules = (
			);
			dependencies = (
			);
			name = "Good Logbook";
			productName = "Good Logbook";
			productReference = EF62CCA12C3D785E0023C1A6 /* Good Logbook.app */;
			productType = "com.apple.product-type.application";
		};
		EF62CCB52C3D78600023C1A6 /* Good LogbookTests */ = {
			isa = PBXNativeTarget;
			buildConfigurationList = EF62CCCD2C3D78600023C1A6 /* Build configuration list for PBXNativeTarget "Good LogbookTests" */;
			buildPhases = (
				EF62CCB22C3D78600023C1A6 /* Sources */,
				EF62CCB32C3D78600023C1A6 /* Frameworks */,
				EF62CCB42C3D78600023C1A6 /* Resources */,
			);
			buildRules = (
			);
			dependencies = (
				EF62CCB82C3D78600023C1A6 /* PBXTargetDependency */,
			);
			name = "Good LogbookTests";
			productName = "Good LogbookTests";
			productReference = EF62CCB62C3D78600023C1A6 /* Good LogbookTests.xctest */;
			productType = "com.apple.product-type.bundle.unit-test";
		};
		EF62CCBF2C3D78600023C1A6 /* Good LogbookUITests */ = {
			isa = PBXNativeTarget;
			buildConfigurationList = EF62CCD02C3D78600023C1A6 /* Build configuration list for PBXNativeTarget "Good LogbookUITests" */;
			buildPhases = (
				EF62CCBC2C3D78600023C1A6 /* Sources */,
				EF62CCBD2C3D78600023C1A6 /* Frameworks */,
				EF62CCBE2C3D78600023C1A6 /* Resources */,
			);
			buildRules = (
			);
			dependencies = (
				EF62CCC22C3D78600023C1A6 /* PBXTargetDependency */,
			);
			name = "Good LogbookUITests";
			productName = "Good LogbookUITests";
			productReference = EF62CCC02C3D78600023C1A6 /* Good LogbookUITests.xctest */;
			productType = "com.apple.product-type.bundle.ui-testing";
		};
/* End PBXNativeTarget section */

/* Begin PBXProject section */
		EF62CC992C3D785E0023C1A6 /* Project object */ = {
			isa = PBXProject;
			attributes = {
				BuildIndependentTargetsInParallel = 1;
				LastSwiftUpdateCheck = 1540;
				LastUpgradeCheck = 1540;
				TargetAttributes = {
					EF62CCA02C3D785E0023C1A6 = {
						CreatedOnToolsVersion = 15.4;
					};
					EF62CCB52C3D78600023C1A6 = {
						CreatedOnToolsVersion = 15.4;
						TestTargetID = EF62CCA02C3D785E0023C1A6;
					};
					EF62CCBF2C3D78600023C1A6 = {
						CreatedOnToolsVersion = 15.4;
						TestTargetID = EF62CCA02C3D785E0023C1A6;
					};
				};
			};
			buildConfigurationList = EF62CC9C2C3D785E0023C1A6 /* Build configuration list for PBXProject "Good Logbook" */;
			compatibilityVersion = "Xcode 14.0";
			developmentRegion = en;
			hasScannedForEncodings = 0;
			knownRegions = (
				en,
				Base,
			);
			mainGroup = EF62CC982C3D785E0023C1A6;
			productRefGroup = EF62CCA22C3D785E0023C1A6 /* Products */;
			projectDirPath = "";
			projectRoot = "";
			targets = (
				EF62CCA02C3D785E0023C1A6 /* Good Logbook */,
				EF62CCB52C3D78600023C1A6 /* Good LogbookTests */,
				EF62CCBF2C3D78600023C1A6 /* Good LogbookUITests */,
			);
		};
/* End PBXProject section */

/* Begin PBXResourcesBuildPhase section */
		EF62CC9F2C3D785E0023C1A6 /* Resources */ = {
			isa = PBXResourcesBuildPhase;
			buildActionMask = 2147483647;
			files = (
				EF62CCAC2C3D78600023C1A6 /* Preview Assets.xcassets in Resources */,
				EF62CCA92C3D78600023C1A6 /* Assets.xcassets in Resources */,
			);
			runOnlyForDeploymentPostprocessing = 0;
		};
		EF62CCB42C3D78600023C1A6 /* Resources */ = {
			isa = PBXResourcesBuildPhase;
			buildActionMask = 2147483647;
			files = (
			);
			runOnlyForDeploymentPostprocessing = 0;
		};
		EF62CCBE2C3D78600023C1A6 /* Resources */ = {
			isa = PBXResourcesBuildPhase;
			buildActionMask = 2147483647;
			files = (
			);
			runOnlyForDeploymentPostprocessing = 0;
		};
/* End PBXResourcesBuildPhase section */

/* Begin PBXSourcesBuildPhase section */
		EF62CC9D2C3D785E0023C1A6 /* Sources */ = {
			isa = PBXSourcesBuildPhase;
			buildActionMask = 2147483647;
			files = (
				EFEE195D2C3D890100CAFF1A /* AddFlightView.swift in Sources */,
				EF0416612C3DAF5300F5FC19 /* Flight+CoreDataClass.swift in Sources */,
				EF0416622C3DAF5300F5FC19 /* Flight+CoreDataProperties.swift in Sources */,
				EF62CCAE2C3D78600023C1A6 /* Persistence.swift in Sources */,
				EF04165D2C3DAF0D00F5FC19 /* Pairing+CoreDataClass.swift in Sources */,
				EF04165E2C3DAF0D00F5FC19 /* Pairing+CoreDataProperties.swift in Sources */,
				EFEE19582C3D875800CAFF1A /* SettingsView.swift in Sources */,
				EF62CCA72C3D785E0023C1A6 /* ContentView.swift in Sources */,
				EF62CCB12C3D78600023C1A6 /* Good_Logbook.xcdatamodeld in Sources */,
				EFEE19562C3D874A00CAFF1A /* StatisticsView.swift in Sources */,
				EF62CCD42C3D78C10023C1A6 /* FlightDetailView.swift in Sources */,
				EFEE195B2C3D882200CAFF1A /* Navigation.swift in Sources */,
				EFEE19542C3D873400CAFF1A /* LogbookView.swift in Sources */,
				EF62CCA52C3D785E0023C1A6 /* Good_LogbookApp.swift in Sources */,
			);
			runOnlyForDeploymentPostprocessing = 0;
		};
		EF62CCB22C3D78600023C1A6 /* Sources */ = {
			isa = PBXSourcesBuildPhase;
			buildActionMask = 2147483647;
			files = (
				EF62CCBB2C3D78600023C1A6 /* Good_LogbookTests.swift in Sources */,
			);
			runOnlyForDeploymentPostprocessing = 0;
		};
		EF62CCBC2C3D78600023C1A6 /* Sources */ = {
			isa = PBXSourcesBuildPhase;
			buildActionMask = 2147483647;
			files = (
				EF62CCC52C3D78600023C1A6 /* Good_LogbookUITests.swift in Sources */,
				EF62CCC72C3D78600023C1A6 /* Good_LogbookUITestsLaunchTests.swift in Sources */,
			);
			runOnlyForDeploymentPostprocessing = 0;
		};
/* End PBXSourcesBuildPhase section */

/* Begin PBXTargetDependency section */
		EF62CCB82C3D78600023C1A6 /* PBXTargetDependency */ = {
			isa = PBXTargetDependency;
			target = EF62CCA02C3D785E0023C1A6 /* Good Logbook */;
			targetProxy = EF62CCB72C3D78600023C1A6 /* PBXContainerItemProxy */;
		};
		EF62CCC22C3D78600023C1A6 /* PBXTargetDependency */ = {
			isa = PBXTargetDependency;
			target = EF62CCA02C3D785E0023C1A6 /* Good Logbook */;
			targetProxy = EF62CCC12C3D78600023C1A6 /* PBXContainerItemProxy */;
		};
/* End PBXTargetDependency section */

/* Begin XCBuildConfiguration section */
		EF62CCC82C3D78600023C1A6 /* Debug */ = {
			isa = XCBuildConfiguration;
			buildSettings = {
				ALWAYS_SEARCH_USER_PATHS = NO;
				ASSETCATALOG_COMPILER_GENERATE_SWIFT_ASSET_SYMBOL_EXTENSIONS = YES;
				CLANG_ANALYZER_NONNULL = YES;
				CLANG_ANALYZER_NUMBER_OBJECT_CONVERSION = YES_AGGRESSIVE;
				CLANG_CXX_LANGUAGE_STANDARD = "gnu++20";
				CLANG_ENABLE_MODULES = YES;
				CLANG_ENABLE_OBJC_ARC = YES;
				CLANG_ENABLE_OBJC_WEAK = YES;
				CLANG_WARN_BLOCK_CAPTURE_AUTORELEASING = YES;
				CLANG_WARN_BOOL_CONVERSION = YES;
				CLANG_WARN_COMMA = YES;
				CLANG_WARN_CONSTANT_CONVERSION = YES;
				CLANG_WARN_DEPRECATED_OBJC_IMPLEMENTATIONS = YES;
				CLANG_WARN_DIRECT_OBJC_ISA_USAGE = YES_ERROR;
				CLANG_WARN_DOCUMENTATION_COMMENTS = YES;
				CLANG_WARN_EMPTY_BODY = YES;
				CLANG_WARN_ENUM_CONVERSION = YES;
				CLANG_WARN_INFINITE_RECURSION = YES;
				CLANG_WARN_INT_CONVERSION = YES;
				CLANG_WARN_NON_LITERAL_NULL_CONVERSION = YES;
				CLANG_WARN_OBJC_IMPLICIT_RETAIN_SELF = YES;
				CLANG_WARN_OBJC_LITERAL_CONVERSION = YES;
				CLANG_WARN_OBJC_ROOT_CLASS = YES_ERROR;
				CLANG_WARN_QUOTED_INCLUDE_IN_FRAMEWORK_HEADER = YES;
				CLANG_WARN_RANGE_LOOP_ANALYSIS = YES;
				CLANG_WARN_STRICT_PROTOTYPES = YES;
				CLANG_WARN_SUSPICIOUS_MOVE = YES;
				CLANG_WARN_UNGUARDED_AVAILABILITY = YES_AGGRESSIVE;
				CLANG_WARN_UNREACHABLE_CODE = YES;
				CLANG_WARN__DUPLICATE_METHOD_MATCH = YES;
				COPY_PHASE_STRIP = NO;
				DEBUG_INFORMATION_FORMAT = dwarf;
				ENABLE_STRICT_OBJC_MSGSEND = YES;
				ENABLE_TESTABILITY = YES;
				ENABLE_USER_SCRIPT_SANDBOXING = YES;
				GCC_C_LANGUAGE_STANDARD = gnu17;
				GCC_DYNAMIC_NO_PIC = NO;
				GCC_NO_COMMON_BLOCKS = YES;
				GCC_OPTIMIZATION_LEVEL = 0;
				GCC_PREPROCESSOR_DEFINITIONS = (
					"DEBUG=1",
					"$(inherited)",
				);
				GCC_WARN_64_TO_32_BIT_CONVERSION = YES;
				GCC_WARN_ABOUT_RETURN_TYPE = YES_ERROR;
				GCC_WARN_UNDECLARED_SELECTOR = YES;
				GCC_WARN_UNINITIALIZED_AUTOS = YES_AGGRESSIVE;
				GCC_WARN_UNUSED_FUNCTION = YES;
				GCC_WARN_UNUSED_VARIABLE = YES;
				IPHONEOS_DEPLOYMENT_TARGET = 17.5;
				LOCALIZATION_PREFERS_STRING_CATALOGS = YES;
				MTL_ENABLE_DEBUG_INFO = INCLUDE_SOURCE;
				MTL_FAST_MATH = YES;
				ONLY_ACTIVE_ARCH = YES;
				SDKROOT = iphoneos;
				SWIFT_ACTIVE_COMPILATION_CONDITIONS = "DEBUG $(inherited)";
				SWIFT_OPTIMIZATION_LEVEL = "-Onone";
			};
			name = Debug;
		};
		EF62CCC92C3D78600023C1A6 /* Release */ = {
			isa = XCBuildConfiguration;
			buildSettings = {
				ALWAYS_SEARCH_USER_PATHS = NO;
				ASSETCATALOG_COMPILER_GENERATE_SWIFT_ASSET_SYMBOL_EXTENSIONS = YES;
				CLANG_ANALYZER_NONNULL = YES;
				CLANG_ANALYZER_NUMBER_OBJECT_CONVERSION = YES_AGGRESSIVE;
				CLANG_CXX_LANGUAGE_STANDARD = "gnu++20";
				CLANG_ENABLE_MODULES = YES;
				CLANG_ENABLE_OBJC_ARC = YES;
				CLANG_ENABLE_OBJC_WEAK = YES;
				CLANG_WARN_BLOCK_CAPTURE_AUTORELEASING = YES;
				CLANG_WARN_BOOL_CONVERSION = YES;
				CLANG_WARN_COMMA = YES;
				CLANG_WARN_CONSTANT_CONVERSION = YES;
				CLANG_WARN_DEPRECATED_OBJC_IMPLEMENTATIONS = YES;
				CLANG_WARN_DIRECT_OBJC_ISA_USAGE = YES_ERROR;
				CLANG_WARN_DOCUMENTATION_COMMENTS = YES;
				CLANG_WARN_EMPTY_BODY = YES;
				CLANG_WARN_ENUM_CONVERSION = YES;
				CLANG_WARN_INFINITE_RECURSION = YES;
				CLANG_WARN_INT_CONVERSION = YES;
				CLANG_WARN_NON_LITERAL_NULL_CONVERSION = YES;
				CLANG_WARN_OBJC_IMPLICIT_RETAIN_SELF = YES;
				CLANG_WARN_OBJC_LITERAL_CONVERSION = YES;
				CLANG_WARN_OBJC_ROOT_CLASS = YES_ERROR;
				CLANG_WARN_QUOTED_INCLUDE_IN_FRAMEWORK_HEADER = YES;
				CLANG_WARN_RANGE_LOOP_ANALYSIS = YES;
				CLANG_WARN_STRICT_PROTOTYPES = YES;
				CLANG_WARN_SUSPICIOUS_MOVE = YES;
				CLANG_WARN_UNGUARDED_AVAILABILITY = YES_AGGRESSIVE;
				CLANG_WARN_UNREACHABLE_CODE = YES;
				CLANG_WARN__DUPLICATE_METHOD_MATCH = YES;
				COPY_PHASE_STRIP = NO;
				DEBUG_INFORMATION_FORMAT = "dwarf-with-dsym";
				ENABLE_NS_ASSERTIONS = NO;
				ENABLE_STRICT_OBJC_MSGSEND = YES;
				ENABLE_USER_SCRIPT_SANDBOXING = YES;
				GCC_C_LANGUAGE_STANDARD = gnu17;
				GCC_NO_COMMON_BLOCKS = YES;
				GCC_WARN_64_TO_32_BIT_CONVERSION = YES;
				GCC_WARN_ABOUT_RETURN_TYPE = YES_ERROR;
				GCC_WARN_UNDECLARED_SELECTOR = YES;
				GCC_WARN_UNINITIALIZED_AUTOS = YES_AGGRESSIVE;
				GCC_WARN_UNUSED_FUNCTION = YES;
				GCC_WARN_UNUSED_VARIABLE = YES;
				IPHONEOS_DEPLOYMENT_TARGET = 17.5;
				LOCALIZATION_PREFERS_STRING_CATALOGS = YES;
				MTL_ENABLE_DEBUG_INFO = NO;
				MTL_FAST_MATH = YES;
				SDKROOT = iphoneos;
				SWIFT_COMPILATION_MODE = wholemodule;
				VALIDATE_PRODUCT = YES;
			};
			name = Release;
		};
		EF62CCCB2C3D78600023C1A6 /* Debug */ = {
			isa = XCBuildConfiguration;
			buildSettings = {
				ASSETCATALOG_COMPILER_APPICON_NAME = AppIcon;
				ASSETCATALOG_COMPILER_GLOBAL_ACCENT_COLOR_NAME = AccentColor;
				CODE_SIGN_STYLE = Automatic;
				CURRENT_PROJECT_VERSION = 1;
				DEVELOPMENT_ASSET_PATHS = "\"Good Logbook/Preview Content\"";
				DEVELOPMENT_TEAM = 9RNDNN34YA;
				ENABLE_PREVIEWS = YES;
				GENERATE_INFOPLIST_FILE = YES;
				INFOPLIST_KEY_UIApplicationSceneManifest_Generation = YES;
				INFOPLIST_KEY_UIApplicationSupportsIndirectInputEvents = YES;
				INFOPLIST_KEY_UILaunchScreen_Generation = YES;
				INFOPLIST_KEY_UISupportedInterfaceOrientations_iPad = "UIInterfaceOrientationPortrait UIInterfaceOrientationPortraitUpsideDown UIInterfaceOrientationLandscapeLeft UIInterfaceOrientationLandscapeRight";
				INFOPLIST_KEY_UISupportedInterfaceOrientations_iPhone = "UIInterfaceOrientationPortrait UIInterfaceOrientationLandscapeLeft UIInterfaceOrientationLandscapeRight";
				LD_RUNPATH_SEARCH_PATHS = (
					"$(inherited)",
					"@executable_path/Frameworks",
				);
				MARKETING_VERSION = 1.0;
				PRODUCT_BUNDLE_IDENTIFIER = "BS.Good-Logbook";
				PRODUCT_NAME = "$(TARGET_NAME)";
				SWIFT_EMIT_LOC_STRINGS = YES;
				SWIFT_VERSION = 5.0;
				TARGETED_DEVICE_FAMILY = "1,2";
			};
			name = Debug;
		};
		EF62CCCC2C3D78600023C1A6 /* Release */ = {
			isa = XCBuildConfiguration;
			buildSettings = {
				ASSETCATALOG_COMPILER_APPICON_NAME = AppIcon;
				ASSETCATALOG_COMPILER_GLOBAL_ACCENT_COLOR_NAME = AccentColor;
				CODE_SIGN_STYLE = Automatic;
				CURRENT_PROJECT_VERSION = 1;
				DEVELOPMENT_ASSET_PATHS = "\"Good Logbook/Preview Content\"";
				DEVELOPMENT_TEAM = 9RNDNN34YA;
				ENABLE_PREVIEWS = YES;
				GENERATE_INFOPLIST_FILE = YES;
				INFOPLIST_KEY_UIApplicationSceneManifest_Generation = YES;
				INFOPLIST_KEY_UIApplicationSupportsIndirectInputEvents = YES;
				INFOPLIST_KEY_UILaunchScreen_Generation = YES;
				INFOPLIST_KEY_UISupportedInterfaceOrientations_iPad = "UIInterfaceOrientationPortrait UIInterfaceOrientationPortraitUpsideDown UIInterfaceOrientationLandscapeLeft UIInterfaceOrientationLandscapeRight";
				INFOPLIST_KEY_UISupportedInterfaceOrientations_iPhone = "UIInterfaceOrientationPortrait UIInterfaceOrientationLandscapeLeft UIInterfaceOrientationLandscapeRight";
				LD_RUNPATH_SEARCH_PATHS = (
					"$(inherited)",
					"@executable_path/Frameworks",
				);
				MARKETING_VERSION = 1.0;
				PRODUCT_BUNDLE_IDENTIFIER = "BS.Good-Logbook";
				PRODUCT_NAME = "$(TARGET_NAME)";
				SWIFT_EMIT_LOC_STRINGS = YES;
				SWIFT_VERSION = 5.0;
				TARGETED_DEVICE_FAMILY = "1,2";
			};
			name = Release;
		};
		EF62CCCE2C3D78600023C1A6 /* Debug */ = {
			isa = XCBuildConfiguration;
			buildSettings = {
				ALWAYS_EMBED_SWIFT_STANDARD_LIBRARIES = YES;
				BUNDLE_LOADER = "$(TEST_HOST)";
				CODE_SIGN_STYLE = Automatic;
				CURRENT_PROJECT_VERSION = 1;
				DEVELOPMENT_TEAM = 9RNDNN34YA;
				GENERATE_INFOPLIST_FILE = YES;
				IPHONEOS_DEPLOYMENT_TARGET = 17.5;
				MARKETING_VERSION = 1.0;
				PRODUCT_BUNDLE_IDENTIFIER = "BS.Good-LogbookTests";
				PRODUCT_NAME = "$(TARGET_NAME)";
				SWIFT_EMIT_LOC_STRINGS = NO;
				SWIFT_VERSION = 5.0;
				TARGETED_DEVICE_FAMILY = "1,2";
				TEST_HOST = "$(BUILT_PRODUCTS_DIR)/Good Logbook.app/$(BUNDLE_EXECUTABLE_FOLDER_PATH)/Good Logbook";
			};
			name = Debug;
		};
		EF62CCCF2C3D78600023C1A6 /* Release */ = {
			isa = XCBuildConfiguration;
			buildSettings = {
				ALWAYS_EMBED_SWIFT_STANDARD_LIBRARIES = YES;
				BUNDLE_LOADER = "$(TEST_HOST)";
				CODE_SIGN_STYLE = Automatic;
				CURRENT_PROJECT_VERSION = 1;
				DEVELOPMENT_TEAM = 9RNDNN34YA;
				GENERATE_INFOPLIST_FILE = YES;
				IPHONEOS_DEPLOYMENT_TARGET = 17.5;
				MARKETING_VERSION = 1.0;
				PRODUCT_BUNDLE_IDENTIFIER = "BS.Good-LogbookTests";
				PRODUCT_NAME = "$(TARGET_NAME)";
				SWIFT_EMIT_LOC_STRINGS = NO;
				SWIFT_VERSION = 5.0;
				TARGETED_DEVICE_FAMILY = "1,2";
				TEST_HOST = "$(BUILT_PRODUCTS_DIR)/Good Logbook.app/$(BUNDLE_EXECUTABLE_FOLDER_PATH)/Good Logbook";
			};
			name = Release;
		};
		EF62CCD12C3D78600023C1A6 /* Debug */ = {
			isa = XCBuildConfiguration;
			buildSettings = {
				ALWAYS_EMBED_SWIFT_STANDARD_LIBRARIES = YES;
				CODE_SIGN_STYLE = Automatic;
				CURRENT_PROJECT_VERSION = 1;
				DEVELOPMENT_TEAM = 9RNDNN34YA;
				GENERATE_INFOPLIST_FILE = YES;
				MARKETING_VERSION = 1.0;
				PRODUCT_BUNDLE_IDENTIFIER = "BS.Good-LogbookUITests";
				PRODUCT_NAME = "$(TARGET_NAME)";
				SWIFT_EMIT_LOC_STRINGS = NO;
				SWIFT_VERSION = 5.0;
				TARGETED_DEVICE_FAMILY = "1,2";
				TEST_TARGET_NAME = "Good Logbook";
			};
			name = Debug;
		};
		EF62CCD22C3D78600023C1A6 /* Release */ = {
			isa = XCBuildConfiguration;
			buildSettings = {
				ALWAYS_EMBED_SWIFT_STANDARD_LIBRARIES = YES;
				CODE_SIGN_STYLE = Automatic;
				CURRENT_PROJECT_VERSION = 1;
				DEVELOPMENT_TEAM = 9RNDNN34YA;
				GENERATE_INFOPLIST_FILE = YES;
				MARKETING_VERSION = 1.0;
				PRODUCT_BUNDLE_IDENTIFIER = "BS.Good-LogbookUITests";
				PRODUCT_NAME = "$(TARGET_NAME)";
				SWIFT_EMIT_LOC_STRINGS = NO;
				SWIFT_VERSION = 5.0;
				TARGETED_DEVICE_FAMILY = "1,2";
				TEST_TARGET_NAME = "Good Logbook";
			};
			name = Release;
		};
/* End XCBuildConfiguration section */

/* Begin XCConfigurationList section */
		EF62CC9C2C3D785E0023C1A6 /* Build configuration list for PBXProject "Good Logbook" */ = {
			isa = XCConfigurationList;
			buildConfigurations = (
				EF62CCC82C3D78600023C1A6 /* Debug */,
				EF62CCC92C3D78600023C1A6 /* Release */,
			);
			defaultConfigurationIsVisible = 0;
			defaultConfigurationName = Release;
		};
		EF62CCCA2C3D78600023C1A6 /* Build configuration list for PBXNativeTarget "Good Logbook" */ = {
			isa = XCConfigurationList;
			buildConfigurations = (
				EF62CCCB2C3D78600023C1A6 /* Debug */,
				EF62CCCC2C3D78600023C1A6 /* Release */,
			);
			defaultConfigurationIsVisible = 0;
			defaultConfigurationName = Release;
		};
		EF62CCCD2C3D78600023C1A6 /* Build configuration list for PBXNativeTarget "Good LogbookTests" */ = {
			isa = XCConfigurationList;
			buildConfigurations = (
				EF62CCCE2C3D78600023C1A6 /* Debug */,
				EF62CCCF2C3D78600023C1A6 /* Release */,
			);
			defaultConfigurationIsVisible = 0;
			defaultConfigurationName = Release;
		};
		EF62CCD02C3D78600023C1A6 /* Build configuration list for PBXNativeTarget "Good LogbookUITests" */ = {
			isa = XCConfigurationList;
			buildConfigurations = (
				EF62CCD12C3D78600023C1A6 /* Debug */,
				EF62CCD22C3D78600023C1A6 /* Release */,
			);
			defaultConfigurationIsVisible = 0;
			defaultConfigurationName = Release;
		};
/* End XCConfigurationList section */

/* Begin XCVersionGroup section */
		EF62CCAF2C3D78600023C1A6 /* Good_Logbook.xcdatamodeld */ = {
			isa = XCVersionGroup;
			children = (
				EF62CCB02C3D78600023C1A6 /* Good_Logbook.xcdatamodel */,
			);
			currentVersion = EF62CCB02C3D78600023C1A6 /* Good_Logbook.xcdatamodel */;
			path = Good_Logbook.xcdatamodeld;
			sourceTree = "<group>";
			versionGroupType = wrapper.xcdatamodel;
		};
/* End XCVersionGroup section */
	};
	rootObject = EF62CC992C3D785E0023C1A6 /* Project object */;
}
